
Microsoft Visual Studio Solution File, Format Version 12.00
# Visual Studio Version 17
VisualStudioVersion = 17.9.34701.34
MinimumVisualStudioVersion = 10.0.40219.1
Project("{FAE04EC0-301F-11D3-BF4B-00C04F79EFBC}") = "WebApi", "WebApi\WebApi.csproj", "{06C86F12-0453-481C-8035-9036697F607A}"
EndProject
Project("{FAE04EC0-301F-11D3-BF4B-00C04F79EFBC}") = "Infrastructure", "Infrastructure\Infrastructure.csproj", "{87CDE8E0-FCFE-4760-ABFD-3A3104DB91F6}"
EndProject
Global
	GlobalSection(SolutionConfigurationPlatforms) = preSolution
		Debug|Any CPU = Debug|Any CPU
		Release|Any CPU = Release|Any CPU
	EndGlobalSection
	GlobalSection(ProjectConfigurationPlatforms) = postSolution
		{06C86F12-0453-481C-8035-9036697F607A}.Debug|Any CPU.ActiveCfg = Debug|Any CPU
		{06C86F12-0453-481C-8035-9036697F607A}.Debug|Any CPU.Build.0 = Debug|Any CPU
		{06C86F12-0453-481C-8035-9036697F607A}.Release|Any CPU.ActiveCfg = Release|Any CPU
		{06C86F12-0453-481C-8035-9036697F607A}.Release|Any CPU.Build.0 = Release|Any CPU
		{87CDE8E0-FCFE-4760-ABFD-3A3104DB91F6}.Debug|Any CPU.ActiveCfg = Debug|Any CPU
		{87CDE8E0-FCFE-4760-ABFD-3A3104DB91F6}.Debug|Any CPU.Build.0 = Debug|Any CPU
		{87CDE8E0-FCFE-4760-ABFD-3A3104DB91F6}.Release|Any CPU.ActiveCfg = Release|Any CPU
		{87CDE8E0-FCFE-4760-ABFD-3A3104DB91F6}.Release|Any CPU.Build.0 = Release|Any CPU
	EndGlobalSection
	GlobalSection(SolutionProperties) = preSolution
		HideSolutionNode = FALSE
	EndGlobalSection
	GlobalSection(ExtensibilityGlobals) = postSolution
		SolutionGuid = {CA1ED7E7-643D-4637-82FA-C5F5F7166F78}
	EndGlobalSection
EndGlobal
